
Microsoft Visual Studio Solution File, Format Version 12.00
# Visual Studio 15
VisualStudioVersion = 15.0.28307.421
MinimumVisualStudioVersion = 10.0.40219.1
Project("{9A19103F-16F7-4668-BE54-9A1E7A4F7556}") = "ICS-Project.Db", "ICS-Project.Db\ICS-Project.Db.csproj", "{09993C13-AE6E-48D4-87D5-9F53BE1AF2CD}"
EndProject
Project("{9A19103F-16F7-4668-BE54-9A1E7A4F7556}") = "ICS-Project.Bl", "ICS-Project.Bl\ICS-Project.Bl.csproj", "{1AE84966-8310-43B3-97ED-EAFA6863B524}"
EndProject
Project("{FAE04EC0-301F-11D3-BF4B-00C04F79EFBC}") = "ICS-Project.Tests", "ICS-Project.Tests\ICS-Project.Tests.csproj", "{D0262C0D-B593-483B-BE62-BB16458A1B10}"
EndProject
Global
	GlobalSection(SolutionConfigurationPlatforms) = preSolution
		Debug|Any CPU = Debug|Any CPU
		Release|Any CPU = Release|Any CPU
	EndGlobalSection
	GlobalSection(ProjectConfigurationPlatforms) = postSolution
		{09993C13-AE6E-48D4-87D5-9F53BE1AF2CD}.Debug|Any CPU.ActiveCfg = Debug|Any CPU
		{09993C13-AE6E-48D4-87D5-9F53BE1AF2CD}.Debug|Any CPU.Build.0 = Debug|Any CPU
		{09993C13-AE6E-48D4-87D5-9F53BE1AF2CD}.Release|Any CPU.ActiveCfg = Release|Any CPU
		{09993C13-AE6E-48D4-87D5-9F53BE1AF2CD}.Release|Any CPU.Build.0 = Release|Any CPU
		{1AE84966-8310-43B3-97ED-EAFA6863B524}.Debug|Any CPU.ActiveCfg = Debug|Any CPU
		{1AE84966-8310-43B3-97ED-EAFA6863B524}.Debug|Any CPU.Build.0 = Debug|Any CPU
		{1AE84966-8310-43B3-97ED-EAFA6863B524}.Release|Any CPU.ActiveCfg = Release|Any CPU
		{1AE84966-8310-43B3-97ED-EAFA6863B524}.Release|Any CPU.Build.0 = Release|Any CPU
		{D0262C0D-B593-483B-BE62-BB16458A1B10}.Debug|Any CPU.ActiveCfg = Debug|Any CPU
		{D0262C0D-B593-483B-BE62-BB16458A1B10}.Debug|Any CPU.Build.0 = Debug|Any CPU
		{D0262C0D-B593-483B-BE62-BB16458A1B10}.Release|Any CPU.ActiveCfg = Release|Any CPU
		{D0262C0D-B593-483B-BE62-BB16458A1B10}.Release|Any CPU.Build.0 = Release|Any CPU
	EndGlobalSection
	GlobalSection(SolutionProperties) = preSolution
		HideSolutionNode = FALSE
	EndGlobalSection
	GlobalSection(ExtensibilityGlobals) = postSolution
		SolutionGuid = {1AA87F22-BC13-456D-A541-5F780EC5E251}
	EndGlobalSection
EndGlobal
